
Microsoft Visual Studio Solution File, Format Version 12.00
# Visual Studio Version 17
VisualStudioVersion = 17.1.32407.343
MinimumVisualStudioVersion = 10.0.40219.1
Project("{FAE04EC0-301F-11D3-BF4B-00C04F79EFBC}") = "Galactica_mikk19d8", "Galactica_mikk19d8\Galactica_mikk19d8.csproj", "{AE89C92E-8EEF-47A9-A141-A41C9F36AA81}"
EndProject
Global
	GlobalSection(SolutionConfigurationPlatforms) = preSolution
		Debug|Any CPU = Debug|Any CPU
		Release|Any CPU = Release|Any CPU
	EndGlobalSection
	GlobalSection(ProjectConfigurationPlatforms) = postSolution
		{AE89C92E-8EEF-47A9-A141-A41C9F36AA81}.Debug|Any CPU.ActiveCfg = Debug|Any CPU
		{AE89C92E-8EEF-47A9-A141-A41C9F36AA81}.Debug|Any CPU.Build.0 = Debug|Any CPU
		{AE89C92E-8EEF-47A9-A141-A41C9F36AA81}.Release|Any CPU.ActiveCfg = Release|Any CPU
		{AE89C92E-8EEF-47A9-A141-A41C9F36AA81}.Release|Any CPU.Build.0 = Release|Any CPU
	EndGlobalSection
	GlobalSection(SolutionProperties) = preSolution
		HideSolutionNode = FALSE
	EndGlobalSection
	GlobalSection(ExtensibilityGlobals) = postSolution
		SolutionGuid = {FD10F4AE-785A-484A-8AAF-4B95F3D5594C}
	EndGlobalSection
EndGlobal
